<?xml version="1.0" encoding="UTF-8"?>
<Scheme
   LastUpgradeVersion = "1170"
   version = "1.3">
   <BuildAction
      parallelizeBuildables = "YES"
      buildImplicitDependencies = "YES">
      <BuildActionEntries>
         <BuildActionEntry
            buildForTesting = "YES"
            buildForRunning = "YES"
            buildForProfiling = "YES"
            buildForArchiving = "YES"
            buildForAnalyzing = "YES">
            <BuildableReference
               BuildableIdentifier = "primary"
               BlueprintIdentifier = "E36E13A82654EEAC009205B4"
               BuildableName = "A1_IOS_Ahsanul_C0796259.app"
               BlueprintName = "A1_IOS_Ahsanul_C0796259"
               ReferencedContainer = "container:A1_IOS_Ahsanul_C0796259.xcodeproj">
            </BuildableReference>
         </BuildActionEntry>
      </BuildActionEntries>
   </BuildAction>
   <TestAction
      buildConfiguration = "Debug"
      selectedDebuggerIdentifier = "Xcode.DebuggerFoundation.Debugger.LLDB"
      selectedLauncherIdentifier = "Xcode.DebuggerFoundation.Launcher.LLDB"
      shouldUseLaunchSchemeArgsEnv = "YES">
      <Testables>
         <TestableReference
            skipped = "NO">
            <BuildableReference
               BuildableIdentifier = "primary"
               BlueprintIdentifier = "E36E13BE2654EEAE009205B4"
               BuildableName = "A1_IOS_Ahsanul_C0796259Tests.xctest"
               BlueprintName = "A1_IOS_Ahsanul_C0796259Tests"
               ReferencedContainer = "container:A1_IOS_Ahsanul_C0796259.xcodeproj">
            </BuildableReference>
         </TestableReference>
         <TestableReference
            skipped = "NO">
            <BuildableReference
               BuildableIdentifier = "primary"
               BlueprintIdentifier = "E36E13C92654EEAE009205B4"
               BuildableName = "A1_IOS_Ahsanul_C0796259UITests.xctest"
               BlueprintName = "A1_IOS_Ahsanul_C0796259UITests"
               ReferencedContainer = "container:A1_IOS_Ahsanul_C0796259.xcodeproj">
            </BuildableReference>
         </TestableReference>
      </Testables>
   </TestAction>
   <LaunchAction
      buildConfiguration = "Debug"
      selectedDebuggerIdentifier = "Xcode.DebuggerFoundation.Debugger.LLDB"
      selectedLauncherIdentifier = "Xcode.DebuggerFoundation.Launcher.LLDB"
      launchStyle = "0"
      useCustomWorkingDirectory = "NO"
      ignoresPersistentStateOnLaunch = "NO"
      debugDocumentVersioning = "YES"
      debugServiceExtension = "internal"
      allowLocationSimulation = "YES">
      <BuildableProductRunnable
         runnableDebuggingMode = "0">
         <BuildableReference
            BuildableIdentifier = "primary"
            BlueprintIdentifier = "E36E13A82654EEAC009205B4"
            BuildableName = "A1_IOS_Ahsanul_C0796259.app"
            BlueprintName = "A1_IOS_Ahsanul_C0796259"
            ReferencedContainer = "container:A1_IOS_Ahsanul_C0796259.xcodeproj">
         </BuildableReference>
      </BuildableProductRunnable>
   </LaunchAction>
   <ProfileAction
      buildConfiguration = "Release"
      shouldUseLaunchSchemeArgsEnv = "YES"
      savedToolIdentifier = ""
      useCustomWorkingDirectory = "NO"
      debugDocumentVersioning = "YES">
      <BuildableProductRunnable
         runnableDebuggingMode = "0">
         <BuildableReference
            BuildableIdentifier = "primary"
            BlueprintIdentifier = "E36E13A82654EEAC009205B4"
            BuildableName = "A1_IOS_Ahsanul_C0796259.app"
            BlueprintName = "A1_IOS_Ahsanul_C0796259"
            ReferencedContainer = "container:A1_IOS_Ahsanul_C0796259.xcodeproj">
         </BuildableReference>
      </BuildableProductRunnable>
   </ProfileAction>
   <AnalyzeAction
      buildConfiguration = "Debug">
   </AnalyzeAction>
   <ArchiveAction
      buildConfiguration = "Release"
      revealArchiveInOrganizer = "YES">
   </ArchiveAction>
</Scheme>
